
Microsoft Visual Studio Solution File, Format Version 12.00
Project("{FAE04EC0-301F-11D3-BF4B-00C04F79EFBC}") = "MediatRNotificationExample", "MediatRNotificationExample\MediatRNotificationExample.csproj", "{6A6EA58E-591C-488B-878C-514B0BC26644}"
EndProject
Project("{FAE04EC0-301F-11D3-BF4B-00C04F79EFBC}") = "Unit.Tests", "Unit.Tests\Unit.Tests.csproj", "{D062F8A6-9BFE-47DB-B720-2E1B63B1B6D4}"
EndProject
Global
	GlobalSection(SolutionConfigurationPlatforms) = preSolution
		Debug|Any CPU = Debug|Any CPU
		Release|Any CPU = Release|Any CPU
	EndGlobalSection
	GlobalSection(ProjectConfigurationPlatforms) = postSolution
		{6A6EA58E-591C-488B-878C-514B0BC26644}.Debug|Any CPU.ActiveCfg = Debug|Any CPU
		{6A6EA58E-591C-488B-878C-514B0BC26644}.Debug|Any CPU.Build.0 = Debug|Any CPU
		{6A6EA58E-591C-488B-878C-514B0BC26644}.Release|Any CPU.ActiveCfg = Release|Any CPU
		{6A6EA58E-591C-488B-878C-514B0BC26644}.Release|Any CPU.Build.0 = Release|Any CPU
		{D062F8A6-9BFE-47DB-B720-2E1B63B1B6D4}.Debug|Any CPU.ActiveCfg = Debug|Any CPU
		{D062F8A6-9BFE-47DB-B720-2E1B63B1B6D4}.Debug|Any CPU.Build.0 = Debug|Any CPU
		{D062F8A6-9BFE-47DB-B720-2E1B63B1B6D4}.Release|Any CPU.ActiveCfg = Release|Any CPU
		{D062F8A6-9BFE-47DB-B720-2E1B63B1B6D4}.Release|Any CPU.Build.0 = Release|Any CPU
	EndGlobalSection
EndGlobal
